
Microsoft Visual Studio Solution File, Format Version 12.00
# Visual Studio 15
VisualStudioVersion = 15.0.26124.0
MinimumVisualStudioVersion = 15.0.26124.0
Project("{2150E333-8FDC-42A3-9474-1A3956D46DE8}") = "src", "src", "{632A5250-0C14-4B8D-8592-75C33022F754}"
EndProject
Project("{FAE04EC0-301F-11D3-BF4B-00C04F79EFBC}") = "Rony", "src\Rony\Rony.csproj", "{E6A1BCB4-E2AB-4B89-AA74-4AE40DE97D2A}"
EndProject
Project("{2150E333-8FDC-42A3-9474-1A3956D46DE8}") = "tests", "tests", "{ED6D90C0-72BE-499F-A24B-D3C2997DBDE1}"
EndProject
Project("{FAE04EC0-301F-11D3-BF4B-00C04F79EFBC}") = "Rony.UnitTests", "tests\Rony.UnitTests\Rony.UnitTests.csproj", "{D0D9732B-FC32-4B79-A567-E76D0786CEF2}"
EndProject
Project("{FAE04EC0-301F-11D3-BF4B-00C04F79EFBC}") = "Rony.FunctionalTests", "tests\Rony.FunctionalTests\Rony.FunctionalTests.csproj", "{67D6AF74-BF2A-4E7F-AF63-2177BEF0DD18}"
EndProject
Project("{2150E333-8FDC-42A3-9474-1A3956D46DE8}") = "samples", "samples", "{0F2A8FD2-C84E-4DA8-972D-FE90C50577C3}"
EndProject
Project("{FAE04EC0-301F-11D3-BF4B-00C04F79EFBC}") = "Rony.Samples", "samples\Rony.Samples\Rony.Samples.csproj", "{E7D435A3-097B-4DBB-893F-4173B14CE8B5}"
EndProject
Project("{FAE04EC0-301F-11D3-BF4B-00C04F79EFBC}") = "Rony.Net.Xunit", "src\Rony.Net.Xunit\Rony.Net.Xunit.csproj", "{3B1D3B4D-9AFF-412B-8E3E-6B9C15D1E859}"
EndProject
Project("{FAE04EC0-301F-11D3-BF4B-00C04F79EFBC}") = "Rony.Net.NUnit", "src\Rony.Net.NUnit\Rony.Net.NUnit.csproj", "{CBC024D6-3170-4664-9AE7-06C46AEA09C0}"
EndProject
Project("{FAE04EC0-301F-11D3-BF4B-00C04F79EFBC}") = "Rony.Net.MSTest", "src\Rony.Net.MSTest\Rony.Net.MSTest.csproj", "{61211F64-81C5-4D4F-B5AF-79887997A20B}"
EndProject
Project("{FAE04EC0-301F-11D3-BF4B-00C04F79EFBC}") = "Rony.Net.Xunit.Tests", "tests\Rony.Net.Xunit.Tests\Rony.Net.Xunit.Tests.csproj", "{1E796DC3-9EA9-4F37-8E23-7D9161227930}"
EndProject
Project("{FAE04EC0-301F-11D3-BF4B-00C04F79EFBC}") = "Rony.Net.NUnit.Tests", "tests\Rony.Net.NUnit.Tests\Rony.Net.NUnit.Tests.csproj", "{79E5BCA1-916B-4519-9706-BADE1CC608A6}"
EndProject
Project("{FAE04EC0-301F-11D3-BF4B-00C04F79EFBC}") = "Rony.Net.MSTest.Tests", "tests\Rony.Net.MSTest.Tests\Rony.Net.MSTest.Tests.csproj", "{9413FB51-3222-46FD-972D-31F0D55F199C}"
EndProject
Project("{FAE04EC0-301F-11D3-BF4B-00C04F79EFBC}") = "Rony.Net.Xunit.v3", "src\Rony.Net.Xunit.v3\Rony.Net.Xunit.v3.csproj", "{A72863F8-9EE8-413B-8B70-A4EA9C3720C4}"
EndProject
Project("{FAE04EC0-301F-11D3-BF4B-00C04F79EFBC}") = "Rony.Net.Xunit.v3.Tests", "tests\Rony.Net.Xunit.v3.Tests\Rony.Net.Xunit.v3.Tests.csproj", "{EFA4E9E2-AA41-4E3A-A2A7-85DAC73058D1}"
EndProject
Project("{FAE04EC0-301F-11D3-BF4B-00C04F79EFBC}") = "Rony.Net.Cli", "src\Rony.Net.Cli\Rony.Net.Cli.csproj", "{C6337F7B-3387-4834-A066-5F10A457DB0E}"
EndProject
Project("{FAE04EC0-301F-11D3-BF4B-00C04F79EFBC}") = "Rony.Net.Cli.Tests", "tests\Rony.Net.Cli.Tests\Rony.Net.Cli.Tests.csproj", "{D9690508-3E55-42D3-9F31-A5C58D4A000A}"
EndProject
Project("{FAE04EC0-301F-11D3-BF4B-00C04F79EFBC}") = "Rony.Net.Testcontainers", "src\Rony.Net.Testcontainers\Rony.Net.Testcontainers.csproj", "{0353B054-49D7-4C3F-9DF3-E32E26FD9FD4}"
EndProject
Project("{FAE04EC0-301F-11D3-BF4B-00C04F79EFBC}") = "Rony.Net.Testcontainers.Tests", "tests\Rony.Net.Testcontainers.Tests\Rony.Net.Testcontainers.Tests.csproj", "{24C6A993-815D-4A7C-8822-14356A154FA2}"
EndProject
Global
	GlobalSection(SolutionConfigurationPlatforms) = preSolution
		Debug|Any CPU = Debug|Any CPU
		Debug|x64 = Debug|x64
		Debug|x86 = Debug|x86
		Release|Any CPU = Release|Any CPU
		Release|x64 = Release|x64
		Release|x86 = Release|x86
	EndGlobalSection
	GlobalSection(SolutionProperties) = preSolution
		HideSolutionNode = FALSE
	EndGlobalSection
	GlobalSection(ProjectConfigurationPlatforms) = postSolution
		{E6A1BCB4-E2AB-4B89-AA74-4AE40DE97D2A}.Debug|Any CPU.ActiveCfg = Debug|Any CPU
		{E6A1BCB4-E2AB-4B89-AA74-4AE40DE97D2A}.Debug|Any CPU.Build.0 = Debug|Any CPU
		{E6A1BCB4-E2AB-4B89-AA74-4AE40DE97D2A}.Debug|x64.ActiveCfg = Debug|Any CPU
		{E6A1BCB4-E2AB-4B89-AA74-4AE40DE97D2A}.Debug|x64.Build.0 = Debug|Any CPU
		{E6A1BCB4-E2AB-4B89-AA74-4AE40DE97D2A}.Debug|x86.ActiveCfg = Debug|Any CPU
		{E6A1BCB4-E2AB-4B89-AA74-4AE40DE97D2A}.Debug|x86.Build.0 = Debug|Any CPU
		{E6A1BCB4-E2AB-4B89-AA74-4AE40DE97D2A}.Release|Any CPU.ActiveCfg = Release|Any CPU
		{E6A1BCB4-E2AB-4B89-AA74-4AE40DE97D2A}.Release|Any CPU.Build.0 = Release|Any CPU
		{E6A1BCB4-E2AB-4B89-AA74-4AE40DE97D2A}.Release|x64.ActiveCfg = Release|Any CPU
		{E6A1BCB4-E2AB-4B89-AA74-4AE40DE97D2A}.Release|x64.Build.0 = Release|Any CPU
		{E6A1BCB4-E2AB-4B89-AA74-4AE40DE97D2A}.Release|x86.ActiveCfg = Release|Any CPU
		{E6A1BCB4-E2AB-4B89-AA74-4AE40DE97D2A}.Release|x86.Build.0 = Release|Any CPU
		{D0D9732B-FC32-4B79-A567-E76D0786CEF2}.Debug|Any CPU.ActiveCfg = Debug|Any CPU
		{D0D9732B-FC32-4B79-A567-E76D0786CEF2}.Debug|Any CPU.Build.0 = Debug|Any CPU
		{D0D9732B-FC32-4B79-A567-E76D0786CEF2}.Debug|x64.ActiveCfg = Debug|Any CPU
		{D0D9732B-FC32-4B79-A567-E76D0786CEF2}.Debug|x64.Build.0 = Debug|Any CPU
		{D0D9732B-FC32-4B79-A567-E76D0786CEF2}.Debug|x86.ActiveCfg = Debug|Any CPU
		{D0D9732B-FC32-4B79-A567-E76D0786CEF2}.Debug|x86.Build.0 = Debug|Any CPU
		{D0D9732B-FC32-4B79-A567-E76D0786CEF2}.Release|Any CPU.ActiveCfg = Release|Any CPU
		{D0D9732B-FC32-4B79-A567-E76D0786CEF2}.Release|Any CPU.Build.0 = Release|Any CPU
		{D0D9732B-FC32-4B79-A567-E76D0786CEF2}.Release|x64.ActiveCfg = Release|Any CPU
		{D0D9732B-FC32-4B79-A567-E76D0786CEF2}.Release|x64.Build.0 = Release|Any CPU
		{D0D9732B-FC32-4B79-A567-E76D0786CEF2}.Release|x86.ActiveCfg = Release|Any CPU
		{D0D9732B-FC32-4B79-A567-E76D0786CEF2}.Release|x86.Build.0 = Release|Any CPU
		{67D6AF74-BF2A-4E7F-AF63-2177BEF0DD18}.Debug|Any CPU.ActiveCfg = Debug|Any CPU
		{67D6AF74-BF2A-4E7F-AF63-2177BEF0DD18}.Debug|Any CPU.Build.0 = Debug|Any CPU
		{67D6AF74-BF2A-4E7F-AF63-2177BEF0DD18}.Debug|x64.ActiveCfg = Debug|Any CPU
		{67D6AF74-BF2A-4E7F-AF63-2177BEF0DD18}.Debug|x64.Build.0 = Debug|Any CPU
		{67D6AF74-BF2A-4E7F-AF63-2177BEF0DD18}.Debug|x86.ActiveCfg = Debug|Any CPU
		{67D6AF74-BF2A-4E7F-AF63-2177BEF0DD18}.Debug|x86.Build.0 = Debug|Any CPU
		{67D6AF74-BF2A-4E7F-AF63-2177BEF0DD18}.Release|Any CPU.ActiveCfg = Release|Any CPU
		{67D6AF74-BF2A-4E7F-AF63-2177BEF0DD18}.Release|Any CPU.Build.0 = Release|Any CPU
		{67D6AF74-BF2A-4E7F-AF63-2177BEF0DD18}.Release|x64.ActiveCfg = Release|Any CPU
		{67D6AF74-BF2A-4E7F-AF63-2177BEF0DD18}.Release|x64.Build.0 = Release|Any CPU
		{67D6AF74-BF2A-4E7F-AF63-2177BEF0DD18}.Release|x86.ActiveCfg = Release|Any CPU
		{67D6AF74-BF2A-4E7F-AF63-2177BEF0DD18}.Release|x86.Build.0 = Release|Any CPU
		{E7D435A3-097B-4DBB-893F-4173B14CE8B5}.Debug|Any CPU.ActiveCfg = Debug|Any CPU
		{E7D435A3-097B-4DBB-893F-4173B14CE8B5}.Debug|Any CPU.Build.0 = Debug|Any CPU
		{E7D435A3-097B-4DBB-893F-4173B14CE8B5}.Debug|x64.ActiveCfg = Debug|Any CPU
		{E7D435A3-097B-4DBB-893F-4173B14CE8B5}.Debug|x64.Build.0 = Debug|Any CPU
		{E7D435A3-097B-4DBB-893F-4173B14CE8B5}.Debug|x86.ActiveCfg = Debug|Any CPU
		{E7D435A3-097B-4DBB-893F-4173B14CE8B5}.Debug|x86.Build.0 = Debug|Any CPU
		{E7D435A3-097B-4DBB-893F-4173B14CE8B5}.Release|Any CPU.ActiveCfg = Release|Any CPU
		{E7D435A3-097B-4DBB-893F-4173B14CE8B5}.Release|Any CPU.Build.0 = Release|Any CPU
		{E7D435A3-097B-4DBB-893F-4173B14CE8B5}.Release|x64.ActiveCfg = Release|Any CPU
		{E7D435A3-097B-4DBB-893F-4173B14CE8B5}.Release|x64.Build.0 = Release|Any CPU
		{E7D435A3-097B-4DBB-893F-4173B14CE8B5}.Release|x86.ActiveCfg = Release|Any CPU
		{E7D435A3-097B-4DBB-893F-4173B14CE8B5}.Release|x86.Build.0 = Release|Any CPU
		{3B1D3B4D-9AFF-412B-8E3E-6B9C15D1E859}.Debug|Any CPU.ActiveCfg = Debug|Any CPU
		{3B1D3B4D-9AFF-412B-8E3E-6B9C15D1E859}.Debug|Any CPU.Build.0 = Debug|Any CPU
		{3B1D3B4D-9AFF-412B-8E3E-6B9C15D1E859}.Debug|x64.ActiveCfg = Debug|Any CPU
		{3B1D3B4D-9AFF-412B-8E3E-6B9C15D1E859}.Debug|x64.Build.0 = Debug|Any CPU
		{3B1D3B4D-9AFF-412B-8E3E-6B9C15D1E859}.Debug|x86.ActiveCfg = Debug|Any CPU
		{3B1D3B4D-9AFF-412B-8E3E-6B9C15D1E859}.Debug|x86.Build.0 = Debug|Any CPU
		{3B1D3B4D-9AFF-412B-8E3E-6B9C15D1E859}.Release|Any CPU.ActiveCfg = Release|Any CPU
		{3B1D3B4D-9AFF-412B-8E3E-6B9C15D1E859}.Release|Any CPU.Build.0 = Release|Any CPU
		{3B1D3B4D-9AFF-412B-8E3E-6B9C15D1E859}.Release|x64.ActiveCfg = Release|Any CPU
		{3B1D3B4D-9AFF-412B-8E3E-6B9C15D1E859}.Release|x64.Build.0 = Release|Any CPU
		{3B1D3B4D-9AFF-412B-8E3E-6B9C15D1E859}.Release|x86.ActiveCfg = Release|Any CPU
		{3B1D3B4D-9AFF-412B-8E3E-6B9C15D1E859}.Release|x86.Build.0 = Release|Any CPU
		{CBC024D6-3170-4664-9AE7-06C46AEA09C0}.Debug|Any CPU.ActiveCfg = Debug|Any CPU
		{CBC024D6-3170-4664-9AE7-06C46AEA09C0}.Debug|Any CPU.Build.0 = Debug|Any CPU
		{CBC024D6-3170-4664-9AE7-06C46AEA09C0}.Debug|x64.ActiveCfg = Debug|Any CPU
		{CBC024D6-3170-4664-9AE7-06C46AEA09C0}.Debug|x64.Build.0 = Debug|Any CPU
		{CBC024D6-3170-4664-9AE7-06C46AEA09C0}.Debug|x86.ActiveCfg = Debug|Any CPU
		{CBC024D6-3170-4664-9AE7-06C46AEA09C0}.Debug|x86.Build.0 = Debug|Any CPU
		{CBC024D6-3170-4664-9AE7-06C46AEA09C0}.Release|Any CPU.ActiveCfg = Release|Any CPU
		{CBC024D6-3170-4664-9AE7-06C46AEA09C0}.Release|Any CPU.Build.0 = Release|Any CPU
		{CBC024D6-3170-4664-9AE7-06C46AEA09C0}.Release|x64.ActiveCfg = Release|Any CPU
		{CBC024D6-3170-4664-9AE7-06C46AEA09C0}.Release|x64.Build.0 = Release|Any CPU
		{CBC024D6-3170-4664-9AE7-06C46AEA09C0}.Release|x86.ActiveCfg = Release|Any CPU
		{CBC024D6-3170-4664-9AE7-06C46AEA09C0}.Release|x86.Build.0 = Release|Any CPU
		{61211F64-81C5-4D4F-B5AF-79887997A20B}.Debug|Any CPU.ActiveCfg = Debug|Any CPU
		{61211F64-81C5-4D4F-B5AF-79887997A20B}.Debug|Any CPU.Build.0 = Debug|Any CPU
		{61211F64-81C5-4D4F-B5AF-79887997A20B}.Debug|x64.ActiveCfg = Debug|Any CPU
		{61211F64-81C5-4D4F-B5AF-79887997A20B}.Debug|x64.Build.0 = Debug|Any CPU
		{61211F64-81C5-4D4F-B5AF-79887997A20B}.Debug|x86.ActiveCfg = Debug|Any CPU
		{61211F64-81C5-4D4F-B5AF-79887997A20B}.Debug|x86.Build.0 = Debug|Any CPU
		{61211F64-81C5-4D4F-B5AF-79887997A20B}.Release|Any CPU.ActiveCfg = Release|Any CPU
		{61211F64-81C5-4D4F-B5AF-79887997A20B}.Release|Any CPU.Build.0 = Release|Any CPU
		{61211F64-81C5-4D4F-B5AF-79887997A20B}.Release|x64.ActiveCfg = Release|Any CPU
		{61211F64-81C5-4D4F-B5AF-79887997A20B}.Release|x64.Build.0 = Release|Any CPU
		{61211F64-81C5-4D4F-B5AF-79887997A20B}.Release|x86.ActiveCfg = Release|Any CPU
		{61211F64-81C5-4D4F-B5AF-79887997A20B}.Release|x86.Build.0 = Release|Any CPU
		{1E796DC3-9EA9-4F37-8E23-7D9161227930}.Debug|Any CPU.ActiveCfg = Debug|Any CPU
		{1E796DC3-9EA9-4F37-8E23-7D9161227930}.Debug|Any CPU.Build.0 = Debug|Any CPU
		{1E796DC3-9EA9-4F37-8E23-7D9161227930}.Debug|x64.ActiveCfg = Debug|Any CPU
		{1E796DC3-9EA9-4F37-8E23-7D9161227930}.Debug|x64.Build.0 = Debug|Any CPU
		{1E796DC3-9EA9-4F37-8E23-7D9161227930}.Debug|x86.ActiveCfg = Debug|Any CPU
		{1E796DC3-9EA9-4F37-8E23-7D9161227930}.Debug|x86.Build.0 = Debug|Any CPU
		{1E796DC3-9EA9-4F37-8E23-7D9161227930}.Release|Any CPU.ActiveCfg = Release|Any CPU
		{1E796DC3-9EA9-4F37-8E23-7D9161227930}.Release|Any CPU.Build.0 = Release|Any CPU
		{1E796DC3-9EA9-4F37-8E23-7D9161227930}.Release|x64.ActiveCfg = Release|Any CPU
		{1E796DC3-9EA9-4F37-8E23-7D9161227930}.Release|x64.Build.0 = Release|Any CPU
		{1E796DC3-9EA9-4F37-8E23-7D9161227930}.Release|x86.ActiveCfg = Release|Any CPU
		{1E796DC3-9EA9-4F37-8E23-7D9161227930}.Release|x86.Build.0 = Release|Any CPU
		{79E5BCA1-916B-4519-9706-BADE1CC608A6}.Debug|Any CPU.ActiveCfg = Debug|Any CPU
		{79E5BCA1-916B-4519-9706-BADE1CC608A6}.Debug|Any CPU.Build.0 = Debug|Any CPU
		{79E5BCA1-916B-4519-9706-BADE1CC608A6}.Debug|x64.ActiveCfg = Debug|Any CPU
		{79E5BCA1-916B-4519-9706-BADE1CC608A6}.Debug|x64.Build.0 = Debug|Any CPU
		{79E5BCA1-916B-4519-9706-BADE1CC608A6}.Debug|x86.ActiveCfg = Debug|Any CPU
		{79E5BCA1-916B-4519-9706-BADE1CC608A6}.Debug|x86.Build.0 = Debug|Any CPU
		{79E5BCA1-916B-4519-9706-BADE1CC608A6}.Release|Any CPU.ActiveCfg = Release|Any CPU
		{79E5BCA1-916B-4519-9706-BADE1CC608A6}.Release|Any CPU.Build.0 = Release|Any CPU
		{79E5BCA1-916B-4519-9706-BADE1CC608A6}.Release|x64.ActiveCfg = Release|Any CPU
		{79E5BCA1-916B-4519-9706-BADE1CC608A6}.Release|x64.Build.0 = Release|Any CPU
		{79E5BCA1-916B-4519-9706-BADE1CC608A6}.Release|x86.ActiveCfg = Release|Any CPU
		{79E5BCA1-916B-4519-9706-BADE1CC608A6}.Release|x86.Build.0 = Release|Any CPU
		{9413FB51-3222-46FD-972D-31F0D55F199C}.Debug|Any CPU.ActiveCfg = Debug|Any CPU
		{9413FB51-3222-46FD-972D-31F0D55F199C}.Debug|Any CPU.Build.0 = Debug|Any CPU
		{9413FB51-3222-46FD-972D-31F0D55F199C}.Debug|x64.ActiveCfg = Debug|Any CPU
		{9413FB51-3222-46FD-972D-31F0D55F199C}.Debug|x64.Build.0 = Debug|Any CPU
		{9413FB51-3222-46FD-972D-31F0D55F199C}.Debug|x86.ActiveCfg = Debug|Any CPU
		{9413FB51-3222-46FD-972D-31F0D55F199C}.Debug|x86.Build.0 = Debug|Any CPU
		{9413FB51-3222-46FD-972D-31F0D55F199C}.Release|Any CPU.ActiveCfg = Release|Any CPU
		{9413FB51-3222-46FD-972D-31F0D55F199C}.Release|Any CPU.Build.0 = Release|Any CPU
		{9413FB51-3222-46FD-972D-31F0D55F199C}.Release|x64.ActiveCfg = Release|Any CPU
		{9413FB51-3222-46FD-972D-31F0D55F199C}.Release|x64.Build.0 = Release|Any CPU
		{9413FB51-3222-46FD-972D-31F0D55F199C}.Release|x86.ActiveCfg = Release|Any CPU
		{9413FB51-3222-46FD-972D-31F0D55F199C}.Release|x86.Build.0 = Release|Any CPU
		{A72863F8-9EE8-413B-8B70-A4EA9C3720C4}.Debug|Any CPU.ActiveCfg = Debug|Any CPU
		{A72863F8-9EE8-413B-8B70-A4EA9C3720C4}.Debug|Any CPU.Build.0 = Debug|Any CPU
		{A72863F8-9EE8-413B-8B70-A4EA9C3720C4}.Debug|x64.ActiveCfg = Debug|Any CPU
		{A72863F8-9EE8-413B-8B70-A4EA9C3720C4}.Debug|x64.Build.0 = Debug|Any CPU
		{A72863F8-9EE8-413B-8B70-A4EA9C3720C4}.Debug|x86.ActiveCfg = Debug|Any CPU
		{A72863F8-9EE8-413B-8B70-A4EA9C3720C4}.Debug|x86.Build.0 = Debug|Any CPU
		{A72863F8-9EE8-413B-8B70-A4EA9C3720C4}.Release|Any CPU.ActiveCfg = Release|Any CPU
		{A72863F8-9EE8-413B-8B70-A4EA9C3720C4}.Release|Any CPU.Build.0 = Release|Any CPU
		{A72863F8-9EE8-413B-8B70-A4EA9C3720C4}.Release|x64.ActiveCfg = Release|Any CPU
		{A72863F8-9EE8-413B-8B70-A4EA9C3720C4}.Release|x64.Build.0 = Release|Any CPU
		{A72863F8-9EE8-413B-8B70-A4EA9C3720C4}.Release|x86.ActiveCfg = Release|Any CPU
		{A72863F8-9EE8-413B-8B70-A4EA9C3720C4}.Release|x86.Build.0 = Release|Any CPU
		{EFA4E9E2-AA41-4E3A-A2A7-85DAC73058D1}.Debug|Any CPU.ActiveCfg = Debug|Any CPU
		{EFA4E9E2-AA41-4E3A-A2A7-85DAC73058D1}.Debug|Any CPU.Build.0 = Debug|Any CPU
		{EFA4E9E2-AA41-4E3A-A2A7-85DAC73058D1}.Debug|x64.ActiveCfg = Debug|Any CPU
		{EFA4E9E2-AA41-4E3A-A2A7-85DAC73058D1}.Debug|x64.Build.0 = Debug|Any CPU
		{EFA4E9E2-AA41-4E3A-A2A7-85DAC73058D1}.Debug|x86.ActiveCfg = Debug|Any CPU
		{EFA4E9E2-AA41-4E3A-A2A7-85DAC73058D1}.Debug|x86.Build.0 = Debug|Any CPU
		{EFA4E9E2-AA41-4E3A-A2A7-85DAC73058D1}.Release|Any CPU.ActiveCfg = Release|Any CPU
		{EFA4E9E2-AA41-4E3A-A2A7-85DAC73058D1}.Release|Any CPU.Build.0 = Release|Any CPU
		{EFA4E9E2-AA41-4E3A-A2A7-85DAC73058D1}.Release|x64.ActiveCfg = Release|Any CPU
		{EFA4E9E2-AA41-4E3A-A2A7-85DAC73058D1}.Release|x64.Build.0 = Release|Any CPU
		{EFA4E9E2-AA41-4E3A-A2A7-85DAC73058D1}.Release|x86.ActiveCfg = Release|Any CPU
		{EFA4E9E2-AA41-4E3A-A2A7-85DAC73058D1}.Release|x86.Build.0 = Release|Any CPU
		{C6337F7B-3387-4834-A066-5F10A457DB0E}.Debug|Any CPU.ActiveCfg = Debug|Any CPU
		{C6337F7B-3387-4834-A066-5F10A457DB0E}.Debug|Any CPU.Build.0 = Debug|Any CPU
		{C6337F7B-3387-4834-A066-5F10A457DB0E}.Debug|x64.ActiveCfg = Debug|Any CPU
		{C6337F7B-3387-4834-A066-5F10A457DB0E}.Debug|x64.Build.0 = Debug|Any CPU
		{C6337F7B-3387-4834-A066-5F10A457DB0E}.Debug|x86.ActiveCfg = Debug|Any CPU
		{C6337F7B-3387-4834-A066-5F10A457DB0E}.Debug|x86.Build.0 = Debug|Any CPU
		{C6337F7B-3387-4834-A066-5F10A457DB0E}.Release|Any CPU.ActiveCfg = Release|Any CPU
		{C6337F7B-3387-4834-A066-5F10A457DB0E}.Release|Any CPU.Build.0 = Release|Any CPU
		{C6337F7B-3387-4834-A066-5F10A457DB0E}.Release|x64.ActiveCfg = Release|Any CPU
		{C6337F7B-3387-4834-A066-5F10A457DB0E}.Release|x64.Build.0 = Release|Any CPU
		{C6337F7B-3387-4834-A066-5F10A457DB0E}.Release|x86.ActiveCfg = Release|Any CPU
		{C6337F7B-3387-4834-A066-5F10A457DB0E}.Release|x86.Build.0 = Release|Any CPU
		{D9690508-3E55-42D3-9F31-A5C58D4A000A}.Debug|Any CPU.ActiveCfg = Debug|Any CPU
		{D9690508-3E55-42D3-9F31-A5C58D4A000A}.Debug|Any CPU.Build.0 = Debug|Any CPU
		{D9690508-3E55-42D3-9F31-A5C58D4A000A}.Debug|x64.ActiveCfg = Debug|Any CPU
		{D9690508-3E55-42D3-9F31-A5C58D4A000A}.Debug|x64.Build.0 = Debug|Any CPU
		{D9690508-3E55-42D3-9F31-A5C58D4A000A}.Debug|x86.ActiveCfg = Debug|Any CPU
		{D9690508-3E55-42D3-9F31-A5C58D4A000A}.Debug|x86.Build.0 = Debug|Any CPU
		{D9690508-3E55-42D3-9F31-A5C58D4A000A}.Release|Any CPU.ActiveCfg = Release|Any CPU
		{D9690508-3E55-42D3-9F31-A5C58D4A000A}.Release|Any CPU.Build.0 = Release|Any CPU
		{D9690508-3E55-42D3-9F31-A5C58D4A000A}.Release|x64.ActiveCfg = Release|Any CPU
		{D9690508-3E55-42D3-9F31-A5C58D4A000A}.Release|x64.Build.0 = Release|Any CPU
		{D9690508-3E55-42D3-9F31-A5C58D4A000A}.Release|x86.ActiveCfg = Release|Any CPU
		{D9690508-3E55-42D3-9F31-A5C58D4A000A}.Release|x86.Build.0 = Release|Any CPU
		{0353B054-49D7-4C3F-9DF3-E32E26FD9FD4}.Debug|Any CPU.ActiveCfg = Debug|Any CPU
		{0353B054-49D7-4C3F-9DF3-E32E26FD9FD4}.Debug|Any CPU.Build.0 = Debug|Any CPU
		{0353B054-49D7-4C3F-9DF3-E32E26FD9FD4}.Debug|x64.ActiveCfg = Debug|Any CPU
		{0353B054-49D7-4C3F-9DF3-E32E26FD9FD4}.Debug|x64.Build.0 = Debug|Any CPU
		{0353B054-49D7-4C3F-9DF3-E32E26FD9FD4}.Debug|x86.ActiveCfg = Debug|Any CPU
		{0353B054-49D7-4C3F-9DF3-E32E26FD9FD4}.Debug|x86.Build.0 = Debug|Any CPU
		{0353B054-49D7-4C3F-9DF3-E32E26FD9FD4}.Release|Any CPU.ActiveCfg = Release|Any CPU
		{0353B054-49D7-4C3F-9DF3-E32E26FD9FD4}.Release|Any CPU.Build.0 = Release|Any CPU
		{0353B054-49D7-4C3F-9DF3-E32E26FD9FD4}.Release|x64.ActiveCfg = Release|Any CPU
		{0353B054-49D7-4C3F-9DF3-E32E26FD9FD4}.Release|x64.Build.0 = Release|Any CPU
		{0353B054-49D7-4C3F-9DF3-E32E26FD9FD4}.Release|x86.ActiveCfg = Release|Any CPU
		{0353B054-49D7-4C3F-9DF3-E32E26FD9FD4}.Release|x86.Build.0 = Release|Any CPU
		{24C6A993-815D-4A7C-8822-14356A154FA2}.Debug|Any CPU.ActiveCfg = Debug|Any CPU
		{24C6A993-815D-4A7C-8822-14356A154FA2}.Debug|Any CPU.Build.0 = Debug|Any CPU
		{24C6A993-815D-4A7C-8822-14356A154FA2}.Debug|x64.ActiveCfg = Debug|Any CPU
		{24C6A993-815D-4A7C-8822-14356A154FA2}.Debug|x64.Build.0 = Debug|Any CPU
		{24C6A993-815D-4A7C-8822-14356A154FA2}.Debug|x86.ActiveCfg = Debug|Any CPU
		{24C6A993-815D-4A7C-8822-14356A154FA2}.Debug|x86.Build.0 = Debug|Any CPU
		{24C6A993-815D-4A7C-8822-14356A154FA2}.Release|Any CPU.ActiveCfg = Release|Any CPU
		{24C6A993-815D-4A7C-8822-14356A154FA2}.Release|Any CPU.Build.0 = Release|Any CPU
		{24C6A993-815D-4A7C-8822-14356A154FA2}.Release|x64.ActiveCfg = Release|Any CPU
		{24C6A993-815D-4A7C-8822-14356A154FA2}.Release|x64.Build.0 = Release|Any CPU
		{24C6A993-815D-4A7C-8822-14356A154FA2}.Release|x86.ActiveCfg = Release|Any CPU
		{24C6A993-815D-4A7C-8822-14356A154FA2}.Release|x86.Build.0 = Release|Any CPU
	EndGlobalSection
	GlobalSection(SolutionProperties) = preSolution
		HideSolutionNode = FALSE
	EndGlobalSection
	GlobalSection(NestedProjects) = preSolution
		{E6A1BCB4-E2AB-4B89-AA74-4AE40DE97D2A} = {632A5250-0C14-4B8D-8592-75C33022F754}
		{D0D9732B-FC32-4B79-A567-E76D0786CEF2} = {ED6D90C0-72BE-499F-A24B-D3C2997DBDE1}
		{67D6AF74-BF2A-4E7F-AF63-2177BEF0DD18} = {ED6D90C0-72BE-499F-A24B-D3C2997DBDE1}
		{E7D435A3-097B-4DBB-893F-4173B14CE8B5} = {0F2A8FD2-C84E-4DA8-972D-FE90C50577C3}
		{3B1D3B4D-9AFF-412B-8E3E-6B9C15D1E859} = {632A5250-0C14-4B8D-8592-75C33022F754}
		{CBC024D6-3170-4664-9AE7-06C46AEA09C0} = {632A5250-0C14-4B8D-8592-75C33022F754}
		{61211F64-81C5-4D4F-B5AF-79887997A20B} = {632A5250-0C14-4B8D-8592-75C33022F754}
		{1E796DC3-9EA9-4F37-8E23-7D9161227930} = {ED6D90C0-72BE-499F-A24B-D3C2997DBDE1}
		{79E5BCA1-916B-4519-9706-BADE1CC608A6} = {ED6D90C0-72BE-499F-A24B-D3C2997DBDE1}
		{9413FB51-3222-46FD-972D-31F0D55F199C} = {ED6D90C0-72BE-499F-A24B-D3C2997DBDE1}
		{A72863F8-9EE8-413B-8B70-A4EA9C3720C4} = {632A5250-0C14-4B8D-8592-75C33022F754}
		{EFA4E9E2-AA41-4E3A-A2A7-85DAC73058D1} = {ED6D90C0-72BE-499F-A24B-D3C2997DBDE1}
		{C6337F7B-3387-4834-A066-5F10A457DB0E} = {632A5250-0C14-4B8D-8592-75C33022F754}
		{D9690508-3E55-42D3-9F31-A5C58D4A000A} = {ED6D90C0-72BE-499F-A24B-D3C2997DBDE1}
		{0353B054-49D7-4C3F-9DF3-E32E26FD9FD4} = {632A5250-0C14-4B8D-8592-75C33022F754}
		{24C6A993-815D-4A7C-8822-14356A154FA2} = {ED6D90C0-72BE-499F-A24B-D3C2997DBDE1}
	EndGlobalSection
EndGlobal
